
Microsoft Visual Studio Solution File, Format Version 12.00
# Visual Studio Version 17
VisualStudioVersion = 17.1.32210.238
MinimumVisualStudioVersion = 10.0.40219.1
Project("{8BC9CEB8-8B4A-11D0-8D11-00A0C91BC942}") = "frandom", "frandom.vcxproj", "{07D8BB36-E46A-4FCA-9BE2-1CE09CC350D7}"
EndProject
Global
	GlobalSection(SolutionConfigurationPlatforms) = preSolution
		Debug|x64 = Debug|x64
		Debug|x86 = Debug|x86
		Release|x64 = Release|x64
		Release|x86 = Release|x86
	EndGlobalSection
	GlobalSection(ProjectConfigurationPlatforms) = postSolution
		{07D8BB36-E46A-4FCA-9BE2-1CE09CC350D7}.Debug|x64.ActiveCfg = Debug|x64
		{07D8BB36-E46A-4FCA-9BE2-1CE09CC350D7}.Debug|x64.Build.0 = Debug|x64
		{07D8BB36-E46A-4FCA-9BE2-1CE09CC350D7}.Debug|x86.ActiveCfg = Debug|Win32
		{07D8BB36-E46A-4FCA-9BE2-1CE09CC350D7}.Debug|x86.Build.0 = Debug|Win32
		{07D8BB36-E46A-4FCA-9BE2-1CE09CC350D7}.Release|x64.ActiveCfg = Release|x64
		{07D8BB36-E46A-4FCA-9BE2-1CE09CC350D7}.Release|x64.Build.0 = Release|x64
		{07D8BB36-E46A-4FCA-9BE2-1CE09CC350D7}.Release|x86.ActiveCfg = Release|Win32
		{07D8BB36-E46A-4FCA-9BE2-1CE09CC350D7}.Release|x86.Build.0 = Release|Win32
	EndGlobalSection
	GlobalSection(SolutionProperties) = preSolution
		HideSolutionNode = FALSE
	EndGlobalSection
	GlobalSection(ExtensibilityGlobals) = postSolution
		SolutionGuid = {0C719E59-7667-42E0-AD89-9E4B0DA50D7D}
	EndGlobalSection
EndGlobal
